// !$*UTF8*$!
{
	archiveVersion = 1;
	classes = {
	};
	objectVersion = 56;
	objects = {

/* Begin PBXBuildFile section */
		08DBE6B72C1C9235000593D5 /* PoCaJeongApp.swift in Sources */ = {isa = PBXBuildFile; fileRef = 08DBE6B62C1C9235000593D5 /* PoCaJeongApp.swift */; };
		08DBE6B92C1C9235000593D5 /* ContentView.swift in Sources */ = {isa = PBXBuildFile; fileRef = 08DBE6B82C1C9235000593D5 /* ContentView.swift */; };
		08DBE6BB2C1C9237000593D5 /* Assets.xcassets in Resources */ = {isa = PBXBuildFile; fileRef = 08DBE6BA2C1C9237000593D5 /* Assets.xcassets */; };
		08DBE6BE2C1C9237000593D5 /* Preview Assets.xcassets in Resources */ = {isa = PBXBuildFile; fileRef = 08DBE6BD2C1C9237000593D5 /* Preview Assets.xcassets */; };
		08DBE6C52C1C98D7000593D5 /* LivePhotoView.swift in Sources */ = {isa = PBXBuildFile; fileRef = 08DBE6C42C1C98D7000593D5 /* LivePhotoView.swift */; };
		08DBE6C92C1CB31C000593D5 /* CafeListView.swift in Sources */ = {isa = PBXBuildFile; fileRef = 08DBE6C82C1CB31C000593D5 /* CafeListView.swift */; };
		08DBE6CC2C1CB347000593D5 /* Cafe.swift in Sources */ = {isa = PBXBuildFile; fileRef = 08DBE6CB2C1CB347000593D5 /* Cafe.swift */; };
		08DBE6CE2C1CB581000593D5 /* MockCafeData.swift in Sources */ = {isa = PBXBuildFile; fileRef = 08DBE6CD2C1CB581000593D5 /* MockCafeData.swift */; };
		08DBE6D22C1CB6A5000593D5 /* CafeDetailView.swift in Sources */ = {isa = PBXBuildFile; fileRef = 08DBE6D12C1CB6A5000593D5 /* CafeDetailView.swift */; };
		08DBE6D62C1CBBC6000593D5 /* Color+.swift in Sources */ = {isa = PBXBuildFile; fileRef = 08DBE6D52C1CBBC6000593D5 /* Color+.swift */; };
/* End PBXBuildFile section */

/* Begin PBXFileReference section */
		08DBE6B32C1C9235000593D5 /* PoCaJeong.app */ = {isa = PBXFileReference; explicitFileType = wrapper.application; includeInIndex = 0; path = PoCaJeong.app; sourceTree = BUILT_PRODUCTS_DIR; };
		08DBE6B62C1C9235000593D5 /* PoCaJeongApp.swift */ = {isa = PBXFileReference; lastKnownFileType = sourcecode.swift; path = PoCaJeongApp.swift; sourceTree = "<group>"; };
		08DBE6B82C1C9235000593D5 /* ContentView.swift */ = {isa = PBXFileReference; lastKnownFileType = sourcecode.swift; path = ContentView.swift; sourceTree = "<group>"; };
		08DBE6BA2C1C9237000593D5 /* Assets.xcassets */ = {isa = PBXFileReference; lastKnownFileType = folder.assetcatalog; path = Assets.xcassets; sourceTree = "<group>"; };
		08DBE6BD2C1C9237000593D5 /* Preview Assets.xcassets */ = {isa = PBXFileReference; lastKnownFileType = folder.assetcatalog; path = "Preview Assets.xcassets"; sourceTree = "<group>"; };
		08DBE6C42C1C98D7000593D5 /* LivePhotoView.swift */ = {isa = PBXFileReference; lastKnownFileType = sourcecode.swift; path = LivePhotoView.swift; sourceTree = "<group>"; };
		08DBE6C82C1CB31C000593D5 /* CafeListView.swift */ = {isa = PBXFileReference; lastKnownFileType = sourcecode.swift; path = CafeListView.swift; sourceTree = "<group>"; };
		08DBE6CB2C1CB347000593D5 /* Cafe.swift */ = {isa = PBXFileReference; lastKnownFileType = sourcecode.swift; path = Cafe.swift; sourceTree = "<group>"; };
		08DBE6CD2C1CB581000593D5 /* MockCafeData.swift */ = {isa = PBXFileReference; lastKnownFileType = sourcecode.swift; path = MockCafeData.swift; sourceTree = "<group>"; };
		08DBE6D12C1CB6A5000593D5 /* CafeDetailView.swift */ = {isa = PBXFileReference; lastKnownFileType = sourcecode.swift; path = CafeDetailView.swift; sourceTree = "<group>"; };
		08DBE6D52C1CBBC6000593D5 /* Color+.swift */ = {isa = PBXFileReference; lastKnownFileType = sourcecode.swift; path = "Color+.swift"; sourceTree = "<group>"; };
/* End PBXFileReference section */

/* Begin PBXFrameworksBuildPhase section */
		08DBE6B02C1C9235000593D5 /* Frameworks */ = {
			isa = PBXFrameworksBuildPhase;
			buildActionMask = 2147483647;
			files = (
			);
			runOnlyForDeploymentPostprocessing = 0;
		};
/* End PBXFrameworksBuildPhase section */

/* Begin PBXGroup section */
		08DBE6AA2C1C9235000593D5 = {
			isa = PBXGroup;
			children = (
				08DBE6B52C1C9235000593D5 /* PoCaJeong */,
				08DBE6B42C1C9235000593D5 /* Products */,
			);
			sourceTree = "<group>";
		};
		08DBE6B42C1C9235000593D5 /* Products */ = {
			isa = PBXGroup;
			children = (
				08DBE6B32C1C9235000593D5 /* PoCaJeong.app */,
			);
			name = Products;
			sourceTree = "<group>";
		};
		08DBE6B52C1C9235000593D5 /* PoCaJeong */ = {
			isa = PBXGroup;
			children = (
				08DBE6D72C1CBEF7000593D5 /* Application */,
				08DBE6D32C1CBBAD000593D5 /* Helper */,
				08DBE6D02C1CB645000593D5 /* Mock */,
				08DBE6CF2C1CB637000593D5 /* View */,
				08DBE6CA2C1CB338000593D5 /* Model */,
				08DBE6B82C1C9235000593D5 /* ContentView.swift */,
				08DBE6BA2C1C9237000593D5 /* Assets.xcassets */,
				08DBE6BC2C1C9237000593D5 /* Preview Content */,
			);
			path = PoCaJeong;
			sourceTree = "<group>";
		};
		08DBE6BC2C1C9237000593D5 /* Preview Content */ = {
			isa = PBXGroup;
			children = (
				08DBE6BD2C1C9237000593D5 /* Preview Assets.xcassets */,
			);
			path = "Preview Content";
			sourceTree = "<group>";
		};
		08DBE6CA2C1CB338000593D5 /* Model */ = {
			isa = PBXGroup;
			children = (
				08DBE6CB2C1CB347000593D5 /* Cafe.swift */,
			);
			path = Model;
			sourceTree = "<group>";
		};
		08DBE6CF2C1CB637000593D5 /* View */ = {
			isa = PBXGroup;
			children = (
				08DBE6C42C1C98D7000593D5 /* LivePhotoView.swift */,
				08DBE6C82C1CB31C000593D5 /* CafeListView.swift */,
				08DBE6D12C1CB6A5000593D5 /* CafeDetailView.swift */,
			);
			path = View;
			sourceTree = "<group>";
		};
		08DBE6D02C1CB645000593D5 /* Mock */ = {
			isa = PBXGroup;
			children = (
				08DBE6CD2C1CB581000593D5 /* MockCafeData.swift */,
			);
			path = Mock;
			sourceTree = "<group>";
		};
		08DBE6D32C1CBBAD000593D5 /* Helper */ = {
			isa = PBXGroup;
			children = (
				08DBE6D42C1CBBB5000593D5 /* Extensions */,
			);
			path = Helper;
			sourceTree = "<group>";
		};
		08DBE6D42C1CBBB5000593D5 /* Extensions */ = {
			isa = PBXGroup;
			children = (
				08DBE6D52C1CBBC6000593D5 /* Color+.swift */,
			);
			path = Extensions;
			sourceTree = "<group>";
		};
		08DBE6D72C1CBEF7000593D5 /* Application */ = {
			isa = PBXGroup;
			children = (
				08DBE6B62C1C9235000593D5 /* PoCaJeongApp.swift */,
			);
			path = Application;
			sourceTree = "<group>";
		};
/* End PBXGroup section */

/* Begin PBXNativeTarget section */
		08DBE6B22C1C9235000593D5 /* PoCaJeong */ = {
			isa = PBXNativeTarget;
			buildConfigurationList = 08DBE6C12C1C9237000593D5 /* Build configuration list for PBXNativeTarget "PoCaJeong" */;
			buildPhases = (
				08DBE6AF2C1C9235000593D5 /* Sources */,
				08DBE6B02C1C9235000593D5 /* Frameworks */,
				08DBE6B12C1C9235000593D5 /* Resources */,
			);
			buildRules = (
			);
			dependencies = (
			);
			name = PoCaJeong;
			productName = PoCaJeong;
			productReference = 08DBE6B32C1C9235000593D5 /* PoCaJeong.app */;
			productType = "com.apple.product-type.application";
		};
/* End PBXNativeTarget section */

/* Begin PBXProject section */
		08DBE6AB2C1C9235000593D5 /* Project object */ = {
			isa = PBXProject;
			attributes = {
				BuildIndependentTargetsInParallel = 1;
				LastSwiftUpdateCheck = 1540;
				LastUpgradeCheck = 1540;
				TargetAttributes = {
					08DBE6B22C1C9235000593D5 = {
						CreatedOnToolsVersion = 15.4;
					};
				};
			};
			buildConfigurationList = 08DBE6AE2C1C9235000593D5 /* Build configuration list for PBXProject "PoCaJeong" */;
			compatibilityVersion = "Xcode 14.0";
			developmentRegion = en;
			hasScannedForEncodings = 0;
			knownRegions = (
				en,
				Base,
			);
			mainGroup = 08DBE6AA2C1C9235000593D5;
			productRefGroup = 08DBE6B42C1C9235000593D5 /* Products */;
			projectDirPath = "";
			projectRoot = "";
			targets = (
				08DBE6B22C1C9235000593D5 /* PoCaJeong */,
			);
		};
/* End PBXProject section */

/* Begin PBXResourcesBuildPhase section */
		08DBE6B12C1C9235000593D5 /* Resources */ = {
			isa = PBXResourcesBuildPhase;
			buildActionMask = 2147483647;
			files = (
				08DBE6BE2C1C9237000593D5 /* Preview Assets.xcassets in Resources */,
				08DBE6BB2C1C9237000593D5 /* Assets.xcassets in Resources */,
			);
			runOnlyForDeploymentPostprocessing = 0;
		};
/* End PBXResourcesBuildPhase section */

/* Begin PBXSourcesBuildPhase section */
		08DBE6AF2C1C9235000593D5 /* Sources */ = {
			isa = PBXSourcesBuildPhase;
			buildActionMask = 2147483647;
			files = (
				08DBE6B92C1C9235000593D5 /* ContentView.swift in Sources */,
				08DBE6D62C1CBBC6000593D5 /* Color+.swift in Sources */,
				08DBE6B72C1C9235000593D5 /* PoCaJeongApp.swift in Sources */,
				08DBE6CE2C1CB581000593D5 /* MockCafeData.swift in Sources */,
				08DBE6C52C1C98D7000593D5 /* LivePhotoView.swift in Sources */,
				08DBE6D22C1CB6A5000593D5 /* CafeDetailView.swift in Sources */,
				08DBE6CC2C1CB347000593D5 /* Cafe.swift in Sources */,
				08DBE6C92C1CB31C000593D5 /* CafeListView.swift in Sources */,
			);
			runOnlyForDeploymentPostprocessing = 0;
		};
/* End PBXSourcesBuildPhase section */

/* Begin XCBuildConfiguration section */
		08DBE6BF2C1C9237000593D5 /* Debug */ = {
			isa = XCBuildConfiguration;
			buildSettings = {
				ALWAYS_SEARCH_USER_PATHS = NO;
				ASSETCATALOG_COMPILER_GENERATE_SWIFT_ASSET_SYMBOL_EXTENSIONS = YES;
				CLANG_ANALYZER_NONNULL = YES;
				CLANG_ANALYZER_NUMBER_OBJECT_CONVERSION = YES_AGGRESSIVE;
				CLANG_CXX_LANGUAGE_STANDARD = "gnu++20";
				CLANG_ENABLE_MODULES = YES;
				CLANG_ENABLE_OBJC_ARC = YES;
				CLANG_ENABLE_OBJC_WEAK = YES;
				CLANG_WARN_BLOCK_CAPTURE_AUTORELEASING = YES;
				CLANG_WARN_BOOL_CONVERSION = YES;
				CLANG_WARN_COMMA = YES;
				CLANG_WARN_CONSTANT_CONVERSION = YES;
				CLANG_WARN_DEPRECATED_OBJC_IMPLEMENTATIONS = YES;
				CLANG_WARN_DIRECT_OBJC_ISA_USAGE = YES_ERROR;
				CLANG_WARN_DOCUMENTATION_COMMENTS = YES;
				CLANG_WARN_EMPTY_BODY = YES;
				CLANG_WARN_ENUM_CONVERSION = YES;
				CLANG_WARN_INFINITE_RECURSION = YES;
				CLANG_WARN_INT_CONVERSION = YES;
				CLANG_WARN_NON_LITERAL_NULL_CONVERSION = YES;
				CLANG_WARN_OBJC_IMPLICIT_RETAIN_SELF = YES;
				CLANG_WARN_OBJC_LITERAL_CONVERSION = YES;
				CLANG_WARN_OBJC_ROOT_CLASS = YES_ERROR;
				CLANG_WARN_QUOTED_INCLUDE_IN_FRAMEWORK_HEADER = YES;
				CLANG_WARN_RANGE_LOOP_ANALYSIS = YES;
				CLANG_WARN_STRICT_PROTOTYPES = YES;
				CLANG_WARN_SUSPICIOUS_MOVE = YES;
				CLANG_WARN_UNGUARDED_AVAILABILITY = YES_AGGRESSIVE;
				CLANG_WARN_UNREACHABLE_CODE = YES;
				CLANG_WARN__DUPLICATE_METHOD_MATCH = YES;
				COPY_PHASE_STRIP = NO;
				DEBUG_INFORMATION_FORMAT = dwarf;
				ENABLE_STRICT_OBJC_MSGSEND = YES;
				ENABLE_TESTABILITY = YES;
				ENABLE_USER_SCRIPT_SANDBOXING = YES;
				GCC_C_LANGUAGE_STANDARD = gnu17;
				GCC_DYNAMIC_NO_PIC = NO;
				GCC_NO_COMMON_BLOCKS = YES;
				GCC_OPTIMIZATION_LEVEL = 0;
				GCC_PREPROCESSOR_DEFINITIONS = (
					"DEBUG=1",
					"$(inherited)",
				);
				GCC_WARN_64_TO_32_BIT_CONVERSION = YES;
				GCC_WARN_ABOUT_RETURN_TYPE = YES_ERROR;
				GCC_WARN_UNDECLARED_SELECTOR = YES;
				GCC_WARN_UNINITIALIZED_AUTOS = YES_AGGRESSIVE;
				GCC_WARN_UNUSED_FUNCTION = YES;
				GCC_WARN_UNUSED_VARIABLE = YES;
				IPHONEOS_DEPLOYMENT_TARGET = 17.5;
				LOCALIZATION_PREFERS_STRING_CATALOGS = YES;
				MTL_ENABLE_DEBUG_INFO = INCLUDE_SOURCE;
				MTL_FAST_MATH = YES;
				ONLY_ACTIVE_ARCH = YES;
				SDKROOT = iphoneos;
				SWIFT_ACTIVE_COMPILATION_CONDITIONS = "DEBUG $(inherited)";
				SWIFT_OPTIMIZATION_LEVEL = "-Onone";
			};
			name = Debug;
		};
		08DBE6C02C1C9237000593D5 /* Release */ = {
			isa = XCBuildConfiguration;
			buildSettings = {
				ALWAYS_SEARCH_USER_PATHS = NO;
				ASSETCATALOG_COMPILER_GENERATE_SWIFT_ASSET_SYMBOL_EXTENSIONS = YES;
				CLANG_ANALYZER_NONNULL = YES;
				CLANG_ANALYZER_NUMBER_OBJECT_CONVERSION = YES_AGGRESSIVE;
				CLANG_CXX_LANGUAGE_STANDARD = "gnu++20";
				CLANG_ENABLE_MODULES = YES;
				CLANG_ENABLE_OBJC_ARC = YES;
				CLANG_ENABLE_OBJC_WEAK = YES;
				CLANG_WARN_BLOCK_CAPTURE_AUTORELEASING = YES;
				CLANG_WARN_BOOL_CONVERSION = YES;
				CLANG_WARN_COMMA = YES;
				CLANG_WARN_CONSTANT_CONVERSION = YES;
				CLANG_WARN_DEPRECATED_OBJC_IMPLEMENTATIONS = YES;
				CLANG_WARN_DIRECT_OBJC_ISA_USAGE = YES_ERROR;
				CLANG_WARN_DOCUMENTATION_COMMENTS = YES;
				CLANG_WARN_EMPTY_BODY = YES;
				CLANG_WARN_ENUM_CONVERSION = YES;
				CLANG_WARN_INFINITE_RECURSION = YES;
				CLANG_WARN_INT_CONVERSION = YES;
				CLANG_WARN_NON_LITERAL_NULL_CONVERSION = YES;
				CLANG_WARN_OBJC_IMPLICIT_RETAIN_SELF = YES;
				CLANG_WARN_OBJC_LITERAL_CONVERSION = YES;
				CLANG_WARN_OBJC_ROOT_CLASS = YES_ERROR;
				CLANG_WARN_QUOTED_INCLUDE_IN_FRAMEWORK_HEADER = YES;
				CLANG_WARN_RANGE_LOOP_ANALYSIS = YES;
				CLANG_WARN_STRICT_PROTOTYPES = YES;
				CLANG_WARN_SUSPICIOUS_MOVE = YES;
				CLANG_WARN_UNGUARDED_AVAILABILITY = YES_AGGRESSIVE;
				CLANG_WARN_UNREACHABLE_CODE = YES;
				CLANG_WARN__DUPLICATE_METHOD_MATCH = YES;
				COPY_PHASE_STRIP = NO;
				DEBUG_INFORMATION_FORMAT = "dwarf-with-dsym";
				ENABLE_NS_ASSERTIONS = NO;
				ENABLE_STRICT_OBJC_MSGSEND = YES;
				ENABLE_USER_SCRIPT_SANDBOXING = YES;
				GCC_C_LANGUAGE_STANDARD = gnu17;
				GCC_NO_COMMON_BLOCKS = YES;
				GCC_WARN_64_TO_32_BIT_CONVERSION = YES;
				GCC_WARN_ABOUT_RETURN_TYPE = YES_ERROR;
				GCC_WARN_UNDECLARED_SELECTOR = YES;
				GCC_WARN_UNINITIALIZED_AUTOS = YES_AGGRESSIVE;
				GCC_WARN_UNUSED_FUNCTION = YES;
				GCC_WARN_UNUSED_VARIABLE = YES;
				IPHONEOS_DEPLOYMENT_TARGET = 17.5;
				LOCALIZATION_PREFERS_STRING_CATALOGS = YES;
				MTL_ENABLE_DEBUG_INFO = NO;
				MTL_FAST_MATH = YES;
				SDKROOT = iphoneos;
				SWIFT_COMPILATION_MODE = wholemodule;
				VALIDATE_PRODUCT = YES;
			};
			name = Release;
		};
		08DBE6C22C1C9237000593D5 /* Debug */ = {
			isa = XCBuildConfiguration;
			buildSettings = {
				ASSETCATALOG_COMPILER_APPICON_NAME = AppIcon;
				ASSETCATALOG_COMPILER_GLOBAL_ACCENT_COLOR_NAME = AccentColor;
				CODE_SIGN_STYLE = Automatic;
				CURRENT_PROJECT_VERSION = 1;
				DEVELOPMENT_ASSET_PATHS = "\"PoCaJeong/Preview Content\"";
				DEVELOPMENT_TEAM = 2Q4V2LFG28;
				ENABLE_PREVIEWS = YES;
				GENERATE_INFOPLIST_FILE = YES;
				INFOPLIST_KEY_UIApplicationSceneManifest_Generation = YES;
				INFOPLIST_KEY_UIApplicationSupportsIndirectInputEvents = YES;
				INFOPLIST_KEY_UILaunchScreen_Generation = YES;
				INFOPLIST_KEY_UISupportedInterfaceOrientations_iPad = "UIInterfaceOrientationPortrait UIInterfaceOrientationPortraitUpsideDown UIInterfaceOrientationLandscapeLeft UIInterfaceOrientationLandscapeRight";
				INFOPLIST_KEY_UISupportedInterfaceOrientations_iPhone = "UIInterfaceOrientationPortrait UIInterfaceOrientationLandscapeLeft UIInterfaceOrientationLandscapeRight";
				LD_RUNPATH_SEARCH_PATHS = (
					"$(inherited)",
					"@executable_path/Frameworks",
				);
				MARKETING_VERSION = 1.0;
				PRODUCT_BUNDLE_IDENTIFIER = com.xerath.PoCaJeong;
				PRODUCT_NAME = "$(TARGET_NAME)";
				SUPPORTED_PLATFORMS = "iphoneos iphonesimulator";
				SUPPORTS_MACCATALYST = NO;
				SUPPORTS_MAC_DESIGNED_FOR_IPHONE_IPAD = NO;
				SUPPORTS_XR_DESIGNED_FOR_IPHONE_IPAD = NO;
				SWIFT_EMIT_LOC_STRINGS = YES;
				SWIFT_VERSION = 5.0;
				TARGETED_DEVICE_FAMILY = 1;
			};
			name = Debug;
		};
		08DBE6C32C1C9237000593D5 /* Release */ = {
			isa = XCBuildConfiguration;
			buildSettings = {
				ASSETCATALOG_COMPILER_APPICON_NAME = AppIcon;
				ASSETCATALOG_COMPILER_GLOBAL_ACCENT_COLOR_NAME = AccentColor;
				CODE_SIGN_STYLE = Automatic;
				CURRENT_PROJECT_VERSION = 1;
				DEVELOPMENT_ASSET_PATHS = "\"PoCaJeong/Preview Content\"";
				DEVELOPMENT_TEAM = 2Q4V2LFG28;
				ENABLE_PREVIEWS = YES;
				GENERATE_INFOPLIST_FILE = YES;
				INFOPLIST_KEY_UIApplicationSceneManifest_Generation = YES;
				INFOPLIST_KEY_UIApplicationSupportsIndirectInputEvents = YES;
				INFOPLIST_KEY_UILaunchScreen_Generation = YES;
				INFOPLIST_KEY_UISupportedInterfaceOrientations_iPad = "UIInterfaceOrientationPortrait UIInterfaceOrientationPortraitUpsideDown UIInterfaceOrientationLandscapeLeft UIInterfaceOrientationLandscapeRight";
				INFOPLIST_KEY_UISupportedInterfaceOrientations_iPhone = "UIInterfaceOrientationPortrait UIInterfaceOrientationLandscapeLeft UIInterfaceOrientationLandscapeRight";
				LD_RUNPATH_SEARCH_PATHS = (
					"$(inherited)",
					"@executable_path/Frameworks",
				);
				MARKETING_VERSION = 1.0;
				PRODUCT_BUNDLE_IDENTIFIER = com.xerath.PoCaJeong;
				PRODUCT_NAME = "$(TARGET_NAME)";
				SUPPORTED_PLATFORMS = "iphoneos iphonesimulator";
				SUPPORTS_MACCATALYST = NO;
				SUPPORTS_MAC_DESIGNED_FOR_IPHONE_IPAD = NO;
				SUPPORTS_XR_DESIGNED_FOR_IPHONE_IPAD = NO;
				SWIFT_EMIT_LOC_STRINGS = YES;
				SWIFT_VERSION = 5.0;
				TARGETED_DEVICE_FAMILY = 1;
			};
			name = Release;
		};
/* End XCBuildConfiguration section */

/* Begin XCConfigurationList section */
		08DBE6AE2C1C9235000593D5 /* Build configuration list for PBXProject "PoCaJeong" */ = {
			isa = XCConfigurationList;
			buildConfigurations = (
				08DBE6BF2C1C9237000593D5 /* Debug */,
				08DBE6C02C1C9237000593D5 /* Release */,
			);
			defaultConfigurationIsVisible = 0;
			defaultConfigurationName = Release;
		};
		08DBE6C12C1C9237000593D5 /* Build configuration list for PBXNativeTarget "PoCaJeong" */ = {
			isa = XCConfigurationList;
			buildConfigurations = (
				08DBE6C22C1C9237000593D5 /* Debug */,
				08DBE6C32C1C9237000593D5 /* Release */,
			);
			defaultConfigurationIsVisible = 0;
			defaultConfigurationName = Release;
		};
/* End XCConfigurationList section */
	};
	rootObject = 08DBE6AB2C1C9235000593D5 /* Project object */;
}
